#
# This file is autogenerated by pip-compile with Python 3.13
# by the following command:
#
#    pip-compile --constraint=constraints.txt --generate-hashes --no-index --output-file=requirements.lock requirements.in
#
asgiref==3.9.2 \
    --hash=sha256:0b61526596219d70396548fc003635056856dba5d0d086f86476f10b33c75960 \
    --hash=sha256:a0249afacb66688ef258ffe503528360443e2b9a8d8c4581b6ebefa58c841ef1
    # via
    #   -c constraints.txt
    #   django
cffi==2.0.0 \
    --hash=sha256:c654de545946e0db659b3400168c9ad31b5d29593291482c43e3564effbcee13 \
    --hash=sha256:c8d3b5532fc71b7a77c09192b4a5a200ea992702734a2e9279a37f2478236f26 \
    --hash=sha256:d48a880098c96020b02d5a1f7d9251308510ce8858940e6fa99ece33f610838b
    # via
    #   -c constraints.txt
    #   cryptography
cryptography==50.0.1 \
    --hash=sha256:53e279950892dc102c6b4e52af03ae5ea92fac572a1ddab78ca73a997f62b69f \
    --hash=sha256:b8f852c65863251b9e3a1b8c150ce21e59b522dbb6a7d4bc80e680d38388e986 \
    --hash=sha256:ff838d62ec1bfce4f9ba7fa16f4a7b554cd8d0c299e6be37502161a660c84eef
    # via
    #   -c constraints.txt
    #   -r requirements.in
django==5.2.17 \
    --hash=sha256:9d4d93be539a18ab80d058eb515900e10951e04c537c5a6b394fc49528d3251f \
    --hash=sha256:f04fb3b36ee119e1af4fa1d397d5fd6cf12700f49321e84d4f4c642c5b1973db
    # via
    #   -c constraints.txt
    #   -r requirements.in
gunicorn==23.0.0 \
    --hash=sha256:ec400d38950de4dfd418cff8328b2c8faed0edb0d517d3394e457c317908ca4d \
    --hash=sha256:f014447a0101dc57e294f6c18ca6b40227a4c90e9bdb586042628030cba004ec
    # via
    #   -c constraints.txt
    #   -r requirements.in
packaging==25.0 \
    --hash=sha256:29572ef2b1f17581046b3a2227d5c611fb25ec70ca1ba8554b24b0e69331a484 \
    --hash=sha256:d443872c98d677bf60f6a1f2f8c1cb748e8fe762d2bf9d3148b5599295b0fc4f
    # via
    #   -c constraints.txt
    #   gunicorn
psycopg[binary]==3.2.13 \
    --hash=sha256:309adaeda61d44556046ec9a83a93f42bbe5310120b1995f3af49ab6d9f13c1d \
    --hash=sha256:a481374514f2da627157f767a9336705ebefe93ea7a0522a6cbacba165da179a
    # via
    #   -c constraints.txt
    #   -r requirements.in
psycopg-binary==3.2.13 \
    --hash=sha256:00ac1f1832c11ebf7ce3e30cd9cd9ec4d32b7d4aabe02e5cc6dca1b6ecff215d \
    --hash=sha256:028b49eb465f5d263d250cfd4f168fdabb306d0bbd97fd66a8a1fd7b696a953c \
    --hash=sha256:082579f2ae41bdabe20c82810810f3e290ac2206cccf0cb41cf36b3218f53b3c \
    --hash=sha256:087acf2b24787ae206718136c1f51bc90cda68b02c3819b0556f418e3565f2c3 \
    --hash=sha256:090c22795969ee1ace17322b1718769694607d942cef084c6fb4493adfa57da0 \
    --hash=sha256:0ef8ed4a4e0f7bf5e941782478a43c14b2b585b031e2266dd3afb87be2775d95 \
    --hash=sha256:13e2f8894d410678529ff9f1211f96c5a93ff142f992b302682b42d924428b61 \
    --hash=sha256:1c9e7ddbb1fe0c99ebe73e4658722d6e6fb7058dacac0fbe98653cf01a7a6871 \
    --hash=sha256:1db11a7e618d58cfb937c409c7d279a84cbb31d32a7efc63f1e5f426f3613793 \
    --hash=sha256:223fc610a80bbc4355ad3c9952d468a18bb5cd7065846a8c275f100d80cd4004 \
    --hash=sha256:27150515de5f709e4142429db6fd36a1d01f0b8b17d915b5f7bb095364465398 \
    --hash=sha256:2d45bc5f4335498d32a26c8f8c0bf9ce8c973c19e78a9ee77c031300fb361300 \
    --hash=sha256:2f63868cc96bc18486cebec24445affbdd7f7debf28fac466ea935a8b5a4753b \
    --hash=sha256:38cadba35c8e3d0a43a916457c9b91c510be7253576d052d9549fd3c49c55782 \
    --hash=sha256:4150a5e72f863be442d153829724109d83a76871d9bc801d6bb5b9c84b5b19b9 \
    --hash=sha256:4a6cafabdc0bfa37e11c6f365020fd5916b62d6296df581f4dceaa43a2ce680c \
    --hash=sha256:502a778c3e07c6b3aabfa56ee230e8c264d2debfab42d11535513a01bdfff0d6 \
    --hash=sha256:5056e701ec81e792f6acd362276585ac0c24456519b5e2fe552f298a04d2cd0c \
    --hash=sha256:532ea34f673148d637be65a96251832252e278540b39fbd683ef37e58ec361c1 \
    --hash=sha256:594dfbca3326e997ae738d3d339004e8416b1f7390f52ce8dc2d692393e8fa96 \
    --hash=sha256:596176ae3dfbf56fc61108870bfe17c7205d33ac28d524909feb5335201daa0a \
    --hash=sha256:5c77f156c7316529ed371b5f95a51139e531328ee39c37493a2afcbc1f79d5de \
    --hash=sha256:5d466ac3a3738647ff2405397946870dc363e33282ced151e7ea74f622947c06 \
    --hash=sha256:5f5081b2cbb0358bb3625109d41b57411bf9d9c29762a867e38c06d974b245ee \
    --hash=sha256:65df0d459ffba14082d8ca4bb2f6ffbb2f8d02968f7d34a747e1031934b76b23 \
    --hash=sha256:6a50db4661fae78779d3cc38a0a68cabc997ca9d485ec27443b109ef8ac1672a \
    --hash=sha256:6d8d1b709509d0f8cb857acf740b5eccd5bd2fb208a5b20e895f250519a32459 \
    --hash=sha256:6fe2982a73b2ea473c9e2b91a35a21af3b03313bed188eccbcde4972483ac60a \
    --hash=sha256:732b25c2d932ca0655ea2588563eae831dc0842c93c69be4754a5b0e9760b38d \
    --hash=sha256:7350d9cc4e35529c4548ddda34a1c17f28d3f3a8f792c25cd67e8a04952ed415 \
    --hash=sha256:7561a71d764d6f74d66e8b7d844b0f27fa33de508f65c17b1d56a94c73644776 \
    --hash=sha256:75ebc8335f48c339ec24f4c371595f6b7043147fe6d18e619c8564428ab8adaf \
    --hash=sha256:84c32892b75a3c7a1111b0ae17d567e161bec7f51b6419bfee6919973f57a811 \
    --hash=sha256:8b843c00478739e95c46d6d3472b13123b634685f107831a9bfc41503a06ecbd \
    --hash=sha256:8db77fac1dfe3f69c982db92a51fd78e1354fa8f523a6781a636123e5c7ffcde \
    --hash=sha256:8f1189dc78553ef4b2e55d9e116fc74870191bc6a9a5f4442412a703c4cc6c3b \
    --hash=sha256:915647b5bbbcde2bd464dc293eec4f74710fa71edc4f85aa6f6c8494a179dc9e \
    --hash=sha256:917ad1cd6e6ef8a9df2f28d7b29c7148f089be46ac56fe838f986c0227652d14 \
    --hash=sha256:9942255705255367d94368941e3a913b0daf74b47d191471dbe4dc0de9fbc769 \
    --hash=sha256:9ac329532f36342ff99fc1aefdbb531563bec03c7bc3ae934c8347a7a61339df \
    --hash=sha256:9b98ed605a394107ea624c3792896cef29b833d2e193facfd85ba72fc4e2f85b \
    --hash=sha256:9caf14745a1930b4e03fe4072cd7154eaf6e1241d20c42130ed784408a26b24b \
    --hash=sha256:9cfe87749d010dfd34534ba8c71aa0674db9a3fce65232c98989f77c742c9ce7 \
    --hash=sha256:9e25eb65494955c0dabdcd7097b004cbd70b982cf3cbc7186c2e854f788677a9 \
    --hash=sha256:a146f0a59a7e3ca92996f8133b1d5e5922e668f7c656b4a9201e702f4cf25896 \
    --hash=sha256:a56a8b1794cbf27ca04012ac2890d58cfc82b3b310c1dac4fa78fbf6f57e7440 \
    --hash=sha256:ac92d6bc1d4a41c7459953a9aa727b9966e937e94c9e072527317fd2a67d488b \
    --hash=sha256:b53b0d9499805b307017070492189e349256e0946f62c815e442baa01f2ea6c5 \
    --hash=sha256:b67f06a68d68b4621b6a411f9e583df876977afa06b1ba270b1b347d40aa93fc \
    --hash=sha256:c96cb5a27e68acac6d74b64fca38592a692de9c4b7827339190698d58027aa45 \
    --hash=sha256:cbbac4cd5b0e14b91ad8244268ca3fc2f527d1a337b489af57d7669c9d2e1a24 \
    --hash=sha256:cc3a0408435dfbb77eeca5e8050df4b19a6e9b7e5e5583edf524c4a83d6293b2 \
    --hash=sha256:d3aec6e2f1cf4deb1b9a3ac287c0591479f3bd851d0a911d628f8c2c71c14f4a \
    --hash=sha256:dbae6ab1966e2b61d97e47220556c330c4608bb4cfb3a124aa0595c39995c068 \
    --hash=sha256:de06fc9707a49f7c081b5c950974dd6de3dc33d681f7524f0b396471f5a4a480 \
    --hash=sha256:ea2fdbcc9142933a47c66970e0df8b363e3bd1ea4c5ce376f2f3d94a9aeec847 \
    --hash=sha256:ef324695327681c756e206fbd0aa9bbc50fd05f45c74bc97c640c13ba36cc108 \
    --hash=sha256:f062d725898bf6fc5cfc6349a0d08ee09f129deb14d7fcd5c30f9f1b349f39dc \
    --hash=sha256:f26f7009375cf1e92180e5c517c52da1054f7e690dde90e0ed00fa8b5736bcd4 \
    --hash=sha256:fae933e4564386199fc54845d85413eedb49760e0bcd2b621fde2dd1825b99b3 \
    --hash=sha256:fbc7c46da9b0db8126f8ebcdcc966c0a14e87c187af7978b47f6971bfbb9cc2c \
    --hash=sha256:ff7df7bd8ec2c805f3a4896b8ade971139af0f9f8cf45d05014ac71fe54887be
    # via
    #   -c constraints.txt
    #   psycopg
pycparser==2.23 \
    --hash=sha256:e5c6e8d3fbad53479cab09ac03729e0a9faf2bee3db8208a550daf5af81a5934
    # via
    #   -c constraints.txt
    #   cffi
sqlparse==0.6.0 \
    --hash=sha256:113c35c75365ab9cc9c7231d68c6428fb11c085fc8e9eb1ad659b7ddbf6cd2b9 \
    --hash=sha256:b861c0288ce2fa56209a9a6412d2e066ac664b3873b89c26c9d8415e8e32996f
    # via
    #   -c constraints.txt
    #   django
whitenoise==6.11.0 \
    --hash=sha256:0f5bfce6061ae6611cd9396a8231e088722e4fc67bc13a111be74c738d99375f \
    --hash=sha256:b2aeb45950597236f53b5342b3121c5de69c8da0109362aee506ce88e022d258
    # via
    #   -c constraints.txt
    #   -r requirements.in
